
Microsoft Visual Studio Solution File, Format Version 12.00
# Visual Studio 14
VisualStudioVersion = 14.0.23107.0
MinimumVisualStudioVersion = 10.0.40219.1
Project("{FAE04EC0-301F-11D3-BF4B-00C04F79EFBC}") = "DeeLii.Roadio.Service", "DeeLii.Roadio.Service\DeeLii.Roadio.Service.csproj", "{440DA16E-75A4-43E4-8143-8F4DE82BBF6F}"
EndProject
Project("{FAE04EC0-301F-11D3-BF4B-00C04F79EFBC}") = "DeeLii.Roadio.Service.Tests", "DeeLii.Roadio.Service.Tests\DeeLii.Roadio.Service.Tests.csproj", "{F7881624-38C9-4853-992F-4A3B695EF9F1}"
EndProject
Project("{00D1A9C2-B5F0-4AF3-8072-F6C62B433612}") = "DeeLii.Roadio.Database", "DeeLii.Roadio.Database\DeeLii.Roadio.Database.sqlproj", "{8037A054-23A1-4D1A-B20A-D3D508AA5075}"
EndProject
Project("{FAE04EC0-301F-11D3-BF4B-00C04F79EFBC}") = "DeeLii.Roadio.Model", "DeeLii.Roadio.Model\DeeLii.Roadio.Model.csproj", "{22E762F6-6708-478B-93BA-81B723038BA0}"
EndProject
Project("{FAE04EC0-301F-11D3-BF4B-00C04F79EFBC}") = "DeeLii.Roadio.Repository", "DeeLii.Roadio.Repository\DeeLii.Roadio.Repository.csproj", "{EFBB8221-9CD0-4B34-AFF5-FC31071593D6}"
EndProject
Project("{FAE04EC0-301F-11D3-BF4B-00C04F79EFBC}") = "DeeLii.Roadio.Web", "DeeLii.Roadio.Web\DeeLii.Roadio.Web.csproj", "{1E6FBFE5-064B-4619-AC30-866E701F0D60}"
EndProject
Project("{FAE04EC0-301F-11D3-BF4B-00C04F79EFBC}") = "DeeLii.Roadio.Web.Tests", "DeeLii.Roadio.Web.Tests\DeeLii.Roadio.Web.Tests.csproj", "{CC390593-5D4C-474D-90DD-67D37EFC46EF}"
EndProject
Project("{2150E333-8FDC-42A3-9474-1A3956D46DE8}") = "src", "src", "{01F5DC55-DBA8-4CB8-A71F-FE91A052F25B}"
EndProject
Project("{2150E333-8FDC-42A3-9474-1A3956D46DE8}") = "tests", "tests", "{B5E1E407-5657-40AF-A33A-B52DCC24C9C9}"
EndProject
Project("{262852C6-CD72-467D-83FE-5EEB1973A190}") = "DeeLii.Roadio.Mobile", "DeeLii.Roadio.Mobile\DeeLii.Roadio.Mobile.jsproj", "{1FEB2AFD-8539-4A00-85C4-C3D46A5CAE92}"
EndProject
Global
	GlobalSection(SolutionConfigurationPlatforms) = preSolution
		Debug|Android = Debug|Android
		Debug|Any CPU = Debug|Any CPU
		Debug|iOS = Debug|iOS
		Debug|Windows Phone (Universal) = Debug|Windows Phone (Universal)
		Debug|Windows Phone 8 = Debug|Windows Phone 8
		Debug|Windows-AnyCPU = Debug|Windows-AnyCPU
		Debug|Windows-ARM = Debug|Windows-ARM
		Debug|Windows-x64 = Debug|Windows-x64
		Debug|Windows-x86 = Debug|Windows-x86
		Release|Android = Release|Android
		Release|Any CPU = Release|Any CPU
		Release|iOS = Release|iOS
		Release|Windows Phone (Universal) = Release|Windows Phone (Universal)
		Release|Windows Phone 8 = Release|Windows Phone 8
		Release|Windows-AnyCPU = Release|Windows-AnyCPU
		Release|Windows-ARM = Release|Windows-ARM
		Release|Windows-x64 = Release|Windows-x64
		Release|Windows-x86 = Release|Windows-x86
	EndGlobalSection
	GlobalSection(ProjectConfigurationPlatforms) = postSolution
		{440DA16E-75A4-43E4-8143-8F4DE82BBF6F}.Debug|Android.ActiveCfg = Debug|Any CPU
		{440DA16E-75A4-43E4-8143-8F4DE82BBF6F}.Debug|Android.Build.0 = Debug|Any CPU
		{440DA16E-75A4-43E4-8143-8F4DE82BBF6F}.Debug|Any CPU.ActiveCfg = Debug|Any CPU
		{440DA16E-75A4-43E4-8143-8F4DE82BBF6F}.Debug|Any CPU.Build.0 = Debug|Any CPU
		{440DA16E-75A4-43E4-8143-8F4DE82BBF6F}.Debug|iOS.ActiveCfg = Debug|Any CPU
		{440DA16E-75A4-43E4-8143-8F4DE82BBF6F}.Debug|iOS.Build.0 = Debug|Any CPU
		{440DA16E-75A4-43E4-8143-8F4DE82BBF6F}.Debug|Windows Phone (Universal).ActiveCfg = Debug|Any CPU
		{440DA16E-75A4-43E4-8143-8F4DE82BBF6F}.Debug|Windows Phone (Universal).Build.0 = Debug|Any CPU
		{440DA16E-75A4-43E4-8143-8F4DE82BBF6F}.Debug|Windows Phone 8.ActiveCfg = Debug|Any CPU
		{440DA16E-75A4-43E4-8143-8F4DE82BBF6F}.Debug|Windows Phone 8.Build.0 = Debug|Any CPU
		{440DA16E-75A4-43E4-8143-8F4DE82BBF6F}.Debug|Windows-AnyCPU.ActiveCfg = Debug|Any CPU
		{440DA16E-75A4-43E4-8143-8F4DE82BBF6F}.Debug|Windows-AnyCPU.Build.0 = Debug|Any CPU
		{440DA16E-75A4-43E4-8143-8F4DE82BBF6F}.Debug|Windows-ARM.ActiveCfg = Debug|Any CPU
		{440DA16E-75A4-43E4-8143-8F4DE82BBF6F}.Debug|Windows-ARM.Build.0 = Debug|Any CPU
		{440DA16E-75A4-43E4-8143-8F4DE82BBF6F}.Debug|Windows-x64.ActiveCfg = Debug|Any CPU
		{440DA16E-75A4-43E4-8143-8F4DE82BBF6F}.Debug|Windows-x64.Build.0 = Debug|Any CPU
		{440DA16E-75A4-43E4-8143-8F4DE82BBF6F}.Debug|Windows-x86.ActiveCfg = Debug|Any CPU
		{440DA16E-75A4-43E4-8143-8F4DE82BBF6F}.Debug|Windows-x86.Build.0 = Debug|Any CPU
		{440DA16E-75A4-43E4-8143-8F4DE82BBF6F}.Release|Android.ActiveCfg = Release|Any CPU
		{440DA16E-75A4-43E4-8143-8F4DE82BBF6F}.Release|Android.Build.0 = Release|Any CPU
		{440DA16E-75A4-43E4-8143-8F4DE82BBF6F}.Release|Any CPU.ActiveCfg = Release|Any CPU
		{440DA16E-75A4-43E4-8143-8F4DE82BBF6F}.Release|Any CPU.Build.0 = Release|Any CPU
		{440DA16E-75A4-43E4-8143-8F4DE82BBF6F}.Release|iOS.ActiveCfg = Release|Any CPU
		{440DA16E-75A4-43E4-8143-8F4DE82BBF6F}.Release|iOS.Build.0 = Release|Any CPU
		{440DA16E-75A4-43E4-8143-8F4DE82BBF6F}.Release|Windows Phone (Universal).ActiveCfg = Release|Any CPU
		{440DA16E-75A4-43E4-8143-8F4DE82BBF6F}.Release|Windows Phone (Universal).Build.0 = Release|Any CPU
		{440DA16E-75A4-43E4-8143-8F4DE82BBF6F}.Release|Windows Phone 8.ActiveCfg = Release|Any CPU
		{440DA16E-75A4-43E4-8143-8F4DE82BBF6F}.Release|Windows Phone 8.Build.0 = Release|Any CPU
		{440DA16E-75A4-43E4-8143-8F4DE82BBF6F}.Release|Windows-AnyCPU.ActiveCfg = Release|Any CPU
		{440DA16E-75A4-43E4-8143-8F4DE82BBF6F}.Release|Windows-AnyCPU.Build.0 = Release|Any CPU
		{440DA16E-75A4-43E4-8143-8F4DE82BBF6F}.Release|Windows-ARM.ActiveCfg = Release|Any CPU
		{440DA16E-75A4-43E4-8143-8F4DE82BBF6F}.Release|Windows-ARM.Build.0 = Release|Any CPU
		{440DA16E-75A4-43E4-8143-8F4DE82BBF6F}.Release|Windows-x64.ActiveCfg = Release|Any CPU
		{440DA16E-75A4-43E4-8143-8F4DE82BBF6F}.Release|Windows-x64.Build.0 = Release|Any CPU
		{440DA16E-75A4-43E4-8143-8F4DE82BBF6F}.Release|Windows-x86.ActiveCfg = Release|Any CPU
		{440DA16E-75A4-43E4-8143-8F4DE82BBF6F}.Release|Windows-x86.Build.0 = Release|Any CPU
		{F7881624-38C9-4853-992F-4A3B695EF9F1}.Debug|Android.ActiveCfg = Debug|Any CPU
		{F7881624-38C9-4853-992F-4A3B695EF9F1}.Debug|Android.Build.0 = Debug|Any CPU
		{F7881624-38C9-4853-992F-4A3B695EF9F1}.Debug|Any CPU.ActiveCfg = Debug|Any CPU
		{F7881624-38C9-4853-992F-4A3B695EF9F1}.Debug|Any CPU.Build.0 = Debug|Any CPU
		{F7881624-38C9-4853-992F-4A3B695EF9F1}.Debug|iOS.ActiveCfg = Debug|Any CPU
		{F7881624-38C9-4853-992F-4A3B695EF9F1}.Debug|iOS.Build.0 = Debug|Any CPU
		{F7881624-38C9-4853-992F-4A3B695EF9F1}.Debug|Windows Phone (Universal).ActiveCfg = Debug|Any CPU
		{F7881624-38C9-4853-992F-4A3B695EF9F1}.Debug|Windows Phone (Universal).Build.0 = Debug|Any CPU
		{F7881624-38C9-4853-992F-4A3B695EF9F1}.Debug|Windows Phone 8.ActiveCfg = Debug|Any CPU
		{F7881624-38C9-4853-992F-4A3B695EF9F1}.Debug|Windows Phone 8.Build.0 = Debug|Any CPU
		{F7881624-38C9-4853-992F-4A3B695EF9F1}.Debug|Windows-AnyCPU.ActiveCfg = Debug|Any CPU
		{F7881624-38C9-4853-992F-4A3B695EF9F1}.Debug|Windows-AnyCPU.Build.0 = Debug|Any CPU
		{F7881624-38C9-4853-992F-4A3B695EF9F1}.Debug|Windows-ARM.ActiveCfg = Debug|Any CPU
		{F7881624-38C9-4853-992F-4A3B695EF9F1}.Debug|Windows-ARM.Build.0 = Debug|Any CPU
		{F7881624-38C9-4853-992F-4A3B695EF9F1}.Debug|Windows-x64.ActiveCfg = Debug|Any CPU
		{F7881624-38C9-4853-992F-4A3B695EF9F1}.Debug|Windows-x64.Build.0 = Debug|Any CPU
		{F7881624-38C9-4853-992F-4A3B695EF9F1}.Debug|Windows-x86.ActiveCfg = Debug|Any CPU
		{F7881624-38C9-4853-992F-4A3B695EF9F1}.Debug|Windows-x86.Build.0 = Debug|Any CPU
		{F7881624-38C9-4853-992F-4A3B695EF9F1}.Release|Android.ActiveCfg = Release|Any CPU
		{F7881624-38C9-4853-992F-4A3B695EF9F1}.Release|Android.Build.0 = Release|Any CPU
		{F7881624-38C9-4853-992F-4A3B695EF9F1}.Release|Any CPU.ActiveCfg = Release|Any CPU
		{F7881624-38C9-4853-992F-4A3B695EF9F1}.Release|Any CPU.Build.0 = Release|Any CPU
		{F7881624-38C9-4853-992F-4A3B695EF9F1}.Release|iOS.ActiveCfg = Release|Any CPU
		{F7881624-38C9-4853-992F-4A3B695EF9F1}.Release|iOS.Build.0 = Release|Any CPU
		{F7881624-38C9-4853-992F-4A3B695EF9F1}.Release|Windows Phone (Universal).ActiveCfg = Release|Any CPU
		{F7881624-38C9-4853-992F-4A3B695EF9F1}.Release|Windows Phone (Universal).Build.0 = Release|Any CPU
		{F7881624-38C9-4853-992F-4A3B695EF9F1}.Release|Windows Phone 8.ActiveCfg = Release|Any CPU
		{F7881624-38C9-4853-992F-4A3B695EF9F1}.Release|Windows Phone 8.Build.0 = Release|Any CPU
		{F7881624-38C9-4853-992F-4A3B695EF9F1}.Release|Windows-AnyCPU.ActiveCfg = Release|Any CPU
		{F7881624-38C9-4853-992F-4A3B695EF9F1}.Release|Windows-AnyCPU.Build.0 = Release|Any CPU
		{F7881624-38C9-4853-992F-4A3B695EF9F1}.Release|Windows-ARM.ActiveCfg = Release|Any CPU
		{F7881624-38C9-4853-992F-4A3B695EF9F1}.Release|Windows-ARM.Build.0 = Release|Any CPU
		{F7881624-38C9-4853-992F-4A3B695EF9F1}.Release|Windows-x64.ActiveCfg = Release|Any CPU
		{F7881624-38C9-4853-992F-4A3B695EF9F1}.Release|Windows-x64.Build.0 = Release|Any CPU
		{F7881624-38C9-4853-992F-4A3B695EF9F1}.Release|Windows-x86.ActiveCfg = Release|Any CPU
		{F7881624-38C9-4853-992F-4A3B695EF9F1}.Release|Windows-x86.Build.0 = Release|Any CPU
		{8037A054-23A1-4D1A-B20A-D3D508AA5075}.Debug|Android.ActiveCfg = Debug|Any CPU
		{8037A054-23A1-4D1A-B20A-D3D508AA5075}.Debug|Android.Build.0 = Debug|Any CPU
		{8037A054-23A1-4D1A-B20A-D3D508AA5075}.Debug|Android.Deploy.0 = Debug|Any CPU
		{8037A054-23A1-4D1A-B20A-D3D508AA5075}.Debug|Any CPU.ActiveCfg = Debug|Any CPU
		{8037A054-23A1-4D1A-B20A-D3D508AA5075}.Debug|Any CPU.Build.0 = Debug|Any CPU
		{8037A054-23A1-4D1A-B20A-D3D508AA5075}.Debug|Any CPU.Deploy.0 = Debug|Any CPU
		{8037A054-23A1-4D1A-B20A-D3D508AA5075}.Debug|iOS.ActiveCfg = Debug|Any CPU
		{8037A054-23A1-4D1A-B20A-D3D508AA5075}.Debug|iOS.Build.0 = Debug|Any CPU
		{8037A054-23A1-4D1A-B20A-D3D508AA5075}.Debug|iOS.Deploy.0 = Debug|Any CPU
		{8037A054-23A1-4D1A-B20A-D3D508AA5075}.Debug|Windows Phone (Universal).ActiveCfg = Debug|Any CPU
		{8037A054-23A1-4D1A-B20A-D3D508AA5075}.Debug|Windows Phone (Universal).Build.0 = Debug|Any CPU
		{8037A054-23A1-4D1A-B20A-D3D508AA5075}.Debug|Windows Phone (Universal).Deploy.0 = Debug|Any CPU
		{8037A054-23A1-4D1A-B20A-D3D508AA5075}.Debug|Windows Phone 8.ActiveCfg = Debug|Any CPU
		{8037A054-23A1-4D1A-B20A-D3D508AA5075}.Debug|Windows Phone 8.Build.0 = Debug|Any CPU
		{8037A054-23A1-4D1A-B20A-D3D508AA5075}.Debug|Windows Phone 8.Deploy.0 = Debug|Any CPU
		{8037A054-23A1-4D1A-B20A-D3D508AA5075}.Debug|Windows-AnyCPU.ActiveCfg = Debug|Any CPU
		{8037A054-23A1-4D1A-B20A-D3D508AA5075}.Debug|Windows-AnyCPU.Build.0 = Debug|Any CPU
		{8037A054-23A1-4D1A-B20A-D3D508AA5075}.Debug|Windows-AnyCPU.Deploy.0 = Debug|Any CPU
		{8037A054-23A1-4D1A-B20A-D3D508AA5075}.Debug|Windows-ARM.ActiveCfg = Debug|Any CPU
		{8037A054-23A1-4D1A-B20A-D3D508AA5075}.Debug|Windows-ARM.Build.0 = Debug|Any CPU
		{8037A054-23A1-4D1A-B20A-D3D508AA5075}.Debug|Windows-ARM.Deploy.0 = Debug|Any CPU
		{8037A054-23A1-4D1A-B20A-D3D508AA5075}.Debug|Windows-x64.ActiveCfg = Debug|Any CPU
		{8037A054-23A1-4D1A-B20A-D3D508AA5075}.Debug|Windows-x64.Build.0 = Debug|Any CPU
		{8037A054-23A1-4D1A-B20A-D3D508AA5075}.Debug|Windows-x64.Deploy.0 = Debug|Any CPU
		{8037A054-23A1-4D1A-B20A-D3D508AA5075}.Debug|Windows-x86.ActiveCfg = Debug|Any CPU
		{8037A054-23A1-4D1A-B20A-D3D508AA5075}.Debug|Windows-x86.Build.0 = Debug|Any CPU
		{8037A054-23A1-4D1A-B20A-D3D508AA5075}.Debug|Windows-x86.Deploy.0 = Debug|Any CPU
		{8037A054-23A1-4D1A-B20A-D3D508AA5075}.Release|Android.ActiveCfg = Release|Any CPU
		{8037A054-23A1-4D1A-B20A-D3D508AA5075}.Release|Android.Build.0 = Release|Any CPU
		{8037A054-23A1-4D1A-B20A-D3D508AA5075}.Release|Android.Deploy.0 = Release|Any CPU
		{8037A054-23A1-4D1A-B20A-D3D508AA5075}.Release|Any CPU.ActiveCfg = Release|Any CPU
		{8037A054-23A1-4D1A-B20A-D3D508AA5075}.Release|Any CPU.Build.0 = Release|Any CPU
		{8037A054-23A1-4D1A-B20A-D3D508AA5075}.Release|Any CPU.Deploy.0 = Release|Any CPU
		{8037A054-23A1-4D1A-B20A-D3D508AA5075}.Release|iOS.ActiveCfg = Release|Any CPU
		{8037A054-23A1-4D1A-B20A-D3D508AA5075}.Release|iOS.Build.0 = Release|Any CPU
		{8037A054-23A1-4D1A-B20A-D3D508AA5075}.Release|iOS.Deploy.0 = Release|Any CPU
		{8037A054-23A1-4D1A-B20A-D3D508AA5075}.Release|Windows Phone (Universal).ActiveCfg = Release|Any CPU
		{8037A054-23A1-4D1A-B20A-D3D508AA5075}.Release|Windows Phone (Universal).Build.0 = Release|Any CPU
		{8037A054-23A1-4D1A-B20A-D3D508AA5075}.Release|Windows Phone (Universal).Deploy.0 = Release|Any CPU
		{8037A054-23A1-4D1A-B20A-D3D508AA5075}.Release|Windows Phone 8.ActiveCfg = Release|Any CPU
		{8037A054-23A1-4D1A-B20A-D3D508AA5075}.Release|Windows Phone 8.Build.0 = Release|Any CPU
		{8037A054-23A1-4D1A-B20A-D3D508AA5075}.Release|Windows Phone 8.Deploy.0 = Release|Any CPU
		{8037A054-23A1-4D1A-B20A-D3D508AA5075}.Release|Windows-AnyCPU.ActiveCfg = Release|Any CPU
		{8037A054-23A1-4D1A-B20A-D3D508AA5075}.Release|Windows-AnyCPU.Build.0 = Release|Any CPU
		{8037A054-23A1-4D1A-B20A-D3D508AA5075}.Release|Windows-AnyCPU.Deploy.0 = Release|Any CPU
		{8037A054-23A1-4D1A-B20A-D3D508AA5075}.Release|Windows-ARM.ActiveCfg = Release|Any CPU
		{8037A054-23A1-4D1A-B20A-D3D508AA5075}.Release|Windows-ARM.Build.0 = Release|Any CPU
		{8037A054-23A1-4D1A-B20A-D3D508AA5075}.Release|Windows-ARM.Deploy.0 = Release|Any CPU
		{8037A054-23A1-4D1A-B20A-D3D508AA5075}.Release|Windows-x64.ActiveCfg = Release|Any CPU
		{8037A054-23A1-4D1A-B20A-D3D508AA5075}.Release|Windows-x64.Build.0 = Release|Any CPU
		{8037A054-23A1-4D1A-B20A-D3D508AA5075}.Release|Windows-x64.Deploy.0 = Release|Any CPU
		{8037A054-23A1-4D1A-B20A-D3D508AA5075}.Release|Windows-x86.ActiveCfg = Release|Any CPU
		{8037A054-23A1-4D1A-B20A-D3D508AA5075}.Release|Windows-x86.Build.0 = Release|Any CPU
		{8037A054-23A1-4D1A-B20A-D3D508AA5075}.Release|Windows-x86.Deploy.0 = Release|Any CPU
		{22E762F6-6708-478B-93BA-81B723038BA0}.Debug|Android.ActiveCfg = Debug|Any CPU
		{22E762F6-6708-478B-93BA-81B723038BA0}.Debug|Android.Build.0 = Debug|Any CPU
		{22E762F6-6708-478B-93BA-81B723038BA0}.Debug|Any CPU.ActiveCfg = Debug|Any CPU
		{22E762F6-6708-478B-93BA-81B723038BA0}.Debug|Any CPU.Build.0 = Debug|Any CPU
		{22E762F6-6708-478B-93BA-81B723038BA0}.Debug|iOS.ActiveCfg = Debug|Any CPU
		{22E762F6-6708-478B-93BA-81B723038BA0}.Debug|iOS.Build.0 = Debug|Any CPU
		{22E762F6-6708-478B-93BA-81B723038BA0}.Debug|Windows Phone (Universal).ActiveCfg = Debug|Any CPU
		{22E762F6-6708-478B-93BA-81B723038BA0}.Debug|Windows Phone (Universal).Build.0 = Debug|Any CPU
		{22E762F6-6708-478B-93BA-81B723038BA0}.Debug|Windows Phone 8.ActiveCfg = Debug|Any CPU
		{22E762F6-6708-478B-93BA-81B723038BA0}.Debug|Windows Phone 8.Build.0 = Debug|Any CPU
		{22E762F6-6708-478B-93BA-81B723038BA0}.Debug|Windows-AnyCPU.ActiveCfg = Debug|Any CPU
		{22E762F6-6708-478B-93BA-81B723038BA0}.Debug|Windows-AnyCPU.Build.0 = Debug|Any CPU
		{22E762F6-6708-478B-93BA-81B723038BA0}.Debug|Windows-ARM.ActiveCfg = Debug|Any CPU
		{22E762F6-6708-478B-93BA-81B723038BA0}.Debug|Windows-ARM.Build.0 = Debug|Any CPU
		{22E762F6-6708-478B-93BA-81B723038BA0}.Debug|Windows-x64.ActiveCfg = Debug|Any CPU
		{22E762F6-6708-478B-93BA-81B723038BA0}.Debug|Windows-x64.Build.0 = Debug|Any CPU
		{22E762F6-6708-478B-93BA-81B723038BA0}.Debug|Windows-x86.ActiveCfg = Debug|Any CPU
		{22E762F6-6708-478B-93BA-81B723038BA0}.Debug|Windows-x86.Build.0 = Debug|Any CPU
		{22E762F6-6708-478B-93BA-81B723038BA0}.Release|Android.ActiveCfg = Release|Any CPU
		{22E762F6-6708-478B-93BA-81B723038BA0}.Release|Android.Build.0 = Release|Any CPU
		{22E762F6-6708-478B-93BA-81B723038BA0}.Release|Any CPU.ActiveCfg = Release|Any CPU
		{22E762F6-6708-478B-93BA-81B723038BA0}.Release|Any CPU.Build.0 = Release|Any CPU
		{22E762F6-6708-478B-93BA-81B723038BA0}.Release|iOS.ActiveCfg = Release|Any CPU
		{22E762F6-6708-478B-93BA-81B723038BA0}.Release|iOS.Build.0 = Release|Any CPU
		{22E762F6-6708-478B-93BA-81B723038BA0}.Release|Windows Phone (Universal).ActiveCfg = Release|Any CPU
		{22E762F6-6708-478B-93BA-81B723038BA0}.Release|Windows Phone (Universal).Build.0 = Release|Any CPU
		{22E762F6-6708-478B-93BA-81B723038BA0}.Release|Windows Phone 8.ActiveCfg = Release|Any CPU
		{22E762F6-6708-478B-93BA-81B723038BA0}.Release|Windows Phone 8.Build.0 = Release|Any CPU
		{22E762F6-6708-478B-93BA-81B723038BA0}.Release|Windows-AnyCPU.ActiveCfg = Release|Any CPU
		{22E762F6-6708-478B-93BA-81B723038BA0}.Release|Windows-AnyCPU.Build.0 = Release|Any CPU
		{22E762F6-6708-478B-93BA-81B723038BA0}.Release|Windows-ARM.ActiveCfg = Release|Any CPU
		{22E762F6-6708-478B-93BA-81B723038BA0}.Release|Windows-ARM.Build.0 = Release|Any CPU
		{22E762F6-6708-478B-93BA-81B723038BA0}.Release|Windows-x64.ActiveCfg = Release|Any CPU
		{22E762F6-6708-478B-93BA-81B723038BA0}.Release|Windows-x64.Build.0 = Release|Any CPU
		{22E762F6-6708-478B-93BA-81B723038BA0}.Release|Windows-x86.ActiveCfg = Release|Any CPU
		{22E762F6-6708-478B-93BA-81B723038BA0}.Release|Windows-x86.Build.0 = Release|Any CPU
		{EFBB8221-9CD0-4B34-AFF5-FC31071593D6}.Debug|Android.ActiveCfg = Debug|Any CPU
		{EFBB8221-9CD0-4B34-AFF5-FC31071593D6}.Debug|Android.Build.0 = Debug|Any CPU
		{EFBB8221-9CD0-4B34-AFF5-FC31071593D6}.Debug|Any CPU.ActiveCfg = Debug|Any CPU
		{EFBB8221-9CD0-4B34-AFF5-FC31071593D6}.Debug|Any CPU.Build.0 = Debug|Any CPU
		{EFBB8221-9CD0-4B34-AFF5-FC31071593D6}.Debug|iOS.ActiveCfg = Debug|Any CPU
		{EFBB8221-9CD0-4B34-AFF5-FC31071593D6}.Debug|iOS.Build.0 = Debug|Any CPU
		{EFBB8221-9CD0-4B34-AFF5-FC31071593D6}.Debug|Windows Phone (Universal).ActiveCfg = Debug|Any CPU
		{EFBB8221-9CD0-4B34-AFF5-FC31071593D6}.Debug|Windows Phone (Universal).Build.0 = Debug|Any CPU
		{EFBB8221-9CD0-4B34-AFF5-FC31071593D6}.Debug|Windows Phone 8.ActiveCfg = Debug|Any CPU
		{EFBB8221-9CD0-4B34-AFF5-FC31071593D6}.Debug|Windows Phone 8.Build.0 = Debug|Any CPU
		{EFBB8221-9CD0-4B34-AFF5-FC31071593D6}.Debug|Windows-AnyCPU.ActiveCfg = Debug|Any CPU
		{EFBB8221-9CD0-4B34-AFF5-FC31071593D6}.Debug|Windows-AnyCPU.Build.0 = Debug|Any CPU
		{EFBB8221-9CD0-4B34-AFF5-FC31071593D6}.Debug|Windows-ARM.ActiveCfg = Debug|Any CPU
		{EFBB8221-9CD0-4B34-AFF5-FC31071593D6}.Debug|Windows-ARM.Build.0 = Debug|Any CPU
		{EFBB8221-9CD0-4B34-AFF5-FC31071593D6}.Debug|Windows-x64.ActiveCfg = Debug|Any CPU
		{EFBB8221-9CD0-4B34-AFF5-FC31071593D6}.Debug|Windows-x64.Build.0 = Debug|Any CPU
		{EFBB8221-9CD0-4B34-AFF5-FC31071593D6}.Debug|Windows-x86.ActiveCfg = Debug|Any CPU
		{EFBB8221-9CD0-4B34-AFF5-FC31071593D6}.Debug|Windows-x86.Build.0 = Debug|Any CPU
		{EFBB8221-9CD0-4B34-AFF5-FC31071593D6}.Release|Android.ActiveCfg = Release|Any CPU
		{EFBB8221-9CD0-4B34-AFF5-FC31071593D6}.Release|Android.Build.0 = Release|Any CPU
		{EFBB8221-9CD0-4B34-AFF5-FC31071593D6}.Release|Any CPU.ActiveCfg = Release|Any CPU
		{EFBB8221-9CD0-4B34-AFF5-FC31071593D6}.Release|Any CPU.Build.0 = Release|Any CPU
		{EFBB8221-9CD0-4B34-AFF5-FC31071593D6}.Release|iOS.ActiveCfg = Release|Any CPU
		{EFBB8221-9CD0-4B34-AFF5-FC31071593D6}.Release|iOS.Build.0 = Release|Any CPU
		{EFBB8221-9CD0-4B34-AFF5-FC31071593D6}.Release|Windows Phone (Universal).ActiveCfg = Release|Any CPU
		{EFBB8221-9CD0-4B34-AFF5-FC31071593D6}.Release|Windows Phone (Universal).Build.0 = Release|Any CPU
		{EFBB8221-9CD0-4B34-AFF5-FC31071593D6}.Release|Windows Phone 8.ActiveCfg = Release|Any CPU
		{EFBB8221-9CD0-4B34-AFF5-FC31071593D6}.Release|Windows Phone 8.Build.0 = Release|Any CPU
		{EFBB8221-9CD0-4B34-AFF5-FC31071593D6}.Release|Windows-AnyCPU.ActiveCfg = Release|Any CPU
		{EFBB8221-9CD0-4B34-AFF5-FC31071593D6}.Release|Windows-AnyCPU.Build.0 = Release|Any CPU
		{EFBB8221-9CD0-4B34-AFF5-FC31071593D6}.Release|Windows-ARM.ActiveCfg = Release|Any CPU
		{EFBB8221-9CD0-4B34-AFF5-FC31071593D6}.Release|Windows-ARM.Build.0 = Release|Any CPU
		{EFBB8221-9CD0-4B34-AFF5-FC31071593D6}.Release|Windows-x64.ActiveCfg = Release|Any CPU
		{EFBB8221-9CD0-4B34-AFF5-FC31071593D6}.Release|Windows-x64.Build.0 = Release|Any CPU
		{EFBB8221-9CD0-4B34-AFF5-FC31071593D6}.Release|Windows-x86.ActiveCfg = Release|Any CPU
		{EFBB8221-9CD0-4B34-AFF5-FC31071593D6}.Release|Windows-x86.Build.0 = Release|Any CPU
		{1E6FBFE5-064B-4619-AC30-866E701F0D60}.Debug|Android.ActiveCfg = Debug|Any CPU
		{1E6FBFE5-064B-4619-AC30-866E701F0D60}.Debug|Android.Build.0 = Debug|Any CPU
		{1E6FBFE5-064B-4619-AC30-866E701F0D60}.Debug|Any CPU.ActiveCfg = Debug|Any CPU
		{1E6FBFE5-064B-4619-AC30-866E701F0D60}.Debug|Any CPU.Build.0 = Debug|Any CPU
		{1E6FBFE5-064B-4619-AC30-866E701F0D60}.Debug|iOS.ActiveCfg = Debug|Any CPU
		{1E6FBFE5-064B-4619-AC30-866E701F0D60}.Debug|iOS.Build.0 = Debug|Any CPU
		{1E6FBFE5-064B-4619-AC30-866E701F0D60}.Debug|Windows Phone (Universal).ActiveCfg = Debug|Any CPU
		{1E6FBFE5-064B-4619-AC30-866E701F0D60}.Debug|Windows Phone (Universal).Build.0 = Debug|Any CPU
		{1E6FBFE5-064B-4619-AC30-866E701F0D60}.Debug|Windows Phone 8.ActiveCfg = Debug|Any CPU
		{1E6FBFE5-064B-4619-AC30-866E701F0D60}.Debug|Windows Phone 8.Build.0 = Debug|Any CPU
		{1E6FBFE5-064B-4619-AC30-866E701F0D60}.Debug|Windows-AnyCPU.ActiveCfg = Debug|Any CPU
		{1E6FBFE5-064B-4619-AC30-866E701F0D60}.Debug|Windows-AnyCPU.Build.0 = Debug|Any CPU
		{1E6FBFE5-064B-4619-AC30-866E701F0D60}.Debug|Windows-ARM.ActiveCfg = Debug|Any CPU
		{1E6FBFE5-064B-4619-AC30-866E701F0D60}.Debug|Windows-ARM.Build.0 = Debug|Any CPU
		{1E6FBFE5-064B-4619-AC30-866E701F0D60}.Debug|Windows-x64.ActiveCfg = Debug|Any CPU
		{1E6FBFE5-064B-4619-AC30-866E701F0D60}.Debug|Windows-x64.Build.0 = Debug|Any CPU
		{1E6FBFE5-064B-4619-AC30-866E701F0D60}.Debug|Windows-x86.ActiveCfg = Debug|Any CPU
		{1E6FBFE5-064B-4619-AC30-866E701F0D60}.Debug|Windows-x86.Build.0 = Debug|Any CPU
		{1E6FBFE5-064B-4619-AC30-866E701F0D60}.Release|Android.ActiveCfg = Release|Any CPU
		{1E6FBFE5-064B-4619-AC30-866E701F0D60}.Release|Android.Build.0 = Release|Any CPU
		{1E6FBFE5-064B-4619-AC30-866E701F0D60}.Release|Any CPU.ActiveCfg = Release|Any CPU
		{1E6FBFE5-064B-4619-AC30-866E701F0D60}.Release|Any CPU.Build.0 = Release|Any CPU
		{1E6FBFE5-064B-4619-AC30-866E701F0D60}.Release|iOS.ActiveCfg = Release|Any CPU
		{1E6FBFE5-064B-4619-AC30-866E701F0D60}.Release|iOS.Build.0 = Release|Any CPU
		{1E6FBFE5-064B-4619-AC30-866E701F0D60}.Release|Windows Phone (Universal).ActiveCfg = Release|Any CPU
		{1E6FBFE5-064B-4619-AC30-866E701F0D60}.Release|Windows Phone (Universal).Build.0 = Release|Any CPU
		{1E6FBFE5-064B-4619-AC30-866E701F0D60}.Release|Windows Phone 8.ActiveCfg = Release|Any CPU
		{1E6FBFE5-064B-4619-AC30-866E701F0D60}.Release|Windows Phone 8.Build.0 = Release|Any CPU
		{1E6FBFE5-064B-4619-AC30-866E701F0D60}.Release|Windows-AnyCPU.ActiveCfg = Release|Any CPU
		{1E6FBFE5-064B-4619-AC30-866E701F0D60}.Release|Windows-AnyCPU.Build.0 = Release|Any CPU
		{1E6FBFE5-064B-4619-AC30-866E701F0D60}.Release|Windows-ARM.ActiveCfg = Release|Any CPU
		{1E6FBFE5-064B-4619-AC30-866E701F0D60}.Release|Windows-ARM.Build.0 = Release|Any CPU
		{1E6FBFE5-064B-4619-AC30-866E701F0D60}.Release|Windows-x64.ActiveCfg = Release|Any CPU
		{1E6FBFE5-064B-4619-AC30-866E701F0D60}.Release|Windows-x64.Build.0 = Release|Any CPU
		{1E6FBFE5-064B-4619-AC30-866E701F0D60}.Release|Windows-x86.ActiveCfg = Release|Any CPU
		{1E6FBFE5-064B-4619-AC30-866E701F0D60}.Release|Windows-x86.Build.0 = Release|Any CPU
		{CC390593-5D4C-474D-90DD-67D37EFC46EF}.Debug|Android.ActiveCfg = Debug|Any CPU
		{CC390593-5D4C-474D-90DD-67D37EFC46EF}.Debug|Android.Build.0 = Debug|Any CPU
		{CC390593-5D4C-474D-90DD-67D37EFC46EF}.Debug|Any CPU.ActiveCfg = Debug|Any CPU
		{CC390593-5D4C-474D-90DD-67D37EFC46EF}.Debug|Any CPU.Build.0 = Debug|Any CPU
		{CC390593-5D4C-474D-90DD-67D37EFC46EF}.Debug|iOS.ActiveCfg = Debug|Any CPU
		{CC390593-5D4C-474D-90DD-67D37EFC46EF}.Debug|iOS.Build.0 = Debug|Any CPU
		{CC390593-5D4C-474D-90DD-67D37EFC46EF}.Debug|Windows Phone (Universal).ActiveCfg = Debug|Any CPU
		{CC390593-5D4C-474D-90DD-67D37EFC46EF}.Debug|Windows Phone (Universal).Build.0 = Debug|Any CPU
		{CC390593-5D4C-474D-90DD-67D37EFC46EF}.Debug|Windows Phone 8.ActiveCfg = Debug|Any CPU
		{CC390593-5D4C-474D-90DD-67D37EFC46EF}.Debug|Windows Phone 8.Build.0 = Debug|Any CPU
		{CC390593-5D4C-474D-90DD-67D37EFC46EF}.Debug|Windows-AnyCPU.ActiveCfg = Debug|Any CPU
		{CC390593-5D4C-474D-90DD-67D37EFC46EF}.Debug|Windows-AnyCPU.Build.0 = Debug|Any CPU
		{CC390593-5D4C-474D-90DD-67D37EFC46EF}.Debug|Windows-ARM.ActiveCfg = Debug|Any CPU
		{CC390593-5D4C-474D-90DD-67D37EFC46EF}.Debug|Windows-ARM.Build.0 = Debug|Any CPU
		{CC390593-5D4C-474D-90DD-67D37EFC46EF}.Debug|Windows-x64.ActiveCfg = Debug|Any CPU
		{CC390593-5D4C-474D-90DD-67D37EFC46EF}.Debug|Windows-x64.Build.0 = Debug|Any CPU
		{CC390593-5D4C-474D-90DD-67D37EFC46EF}.Debug|Windows-x86.ActiveCfg = Debug|Any CPU
		{CC390593-5D4C-474D-90DD-67D37EFC46EF}.Debug|Windows-x86.Build.0 = Debug|Any CPU
		{CC390593-5D4C-474D-90DD-67D37EFC46EF}.Release|Android.ActiveCfg = Release|Any CPU
		{CC390593-5D4C-474D-90DD-67D37EFC46EF}.Release|Android.Build.0 = Release|Any CPU
		{CC390593-5D4C-474D-90DD-67D37EFC46EF}.Release|Any CPU.ActiveCfg = Release|Any CPU
		{CC390593-5D4C-474D-90DD-67D37EFC46EF}.Release|Any CPU.Build.0 = Release|Any CPU
		{CC390593-5D4C-474D-90DD-67D37EFC46EF}.Release|iOS.ActiveCfg = Release|Any CPU
		{CC390593-5D4C-474D-90DD-67D37EFC46EF}.Release|iOS.Build.0 = Release|Any CPU
		{CC390593-5D4C-474D-90DD-67D37EFC46EF}.Release|Windows Phone (Universal).ActiveCfg = Release|Any CPU
		{CC390593-5D4C-474D-90DD-67D37EFC46EF}.Release|Windows Phone (Universal).Build.0 = Release|Any CPU
		{CC390593-5D4C-474D-90DD-67D37EFC46EF}.Release|Windows Phone 8.ActiveCfg = Release|Any CPU
		{CC390593-5D4C-474D-90DD-67D37EFC46EF}.Release|Windows Phone 8.Build.0 = Release|Any CPU
		{CC390593-5D4C-474D-90DD-67D37EFC46EF}.Release|Windows-AnyCPU.ActiveCfg = Release|Any CPU
		{CC390593-5D4C-474D-90DD-67D37EFC46EF}.Release|Windows-AnyCPU.Build.0 = Release|Any CPU
		{CC390593-5D4C-474D-90DD-67D37EFC46EF}.Release|Windows-ARM.ActiveCfg = Release|Any CPU
		{CC390593-5D4C-474D-90DD-67D37EFC46EF}.Release|Windows-ARM.Build.0 = Release|Any CPU
		{CC390593-5D4C-474D-90DD-67D37EFC46EF}.Release|Windows-x64.ActiveCfg = Release|Any CPU
		{CC390593-5D4C-474D-90DD-67D37EFC46EF}.Release|Windows-x64.Build.0 = Release|Any CPU
		{CC390593-5D4C-474D-90DD-67D37EFC46EF}.Release|Windows-x86.ActiveCfg = Release|Any CPU
		{CC390593-5D4C-474D-90DD-67D37EFC46EF}.Release|Windows-x86.Build.0 = Release|Any CPU
		{1FEB2AFD-8539-4A00-85C4-C3D46A5CAE92}.Debug|Android.ActiveCfg = Debug|Android
		{1FEB2AFD-8539-4A00-85C4-C3D46A5CAE92}.Debug|Android.Build.0 = Debug|Android
		{1FEB2AFD-8539-4A00-85C4-C3D46A5CAE92}.Debug|Android.Deploy.0 = Debug|Android
		{1FEB2AFD-8539-4A00-85C4-C3D46A5CAE92}.Debug|Any CPU.ActiveCfg = Debug|Android
		{1FEB2AFD-8539-4A00-85C4-C3D46A5CAE92}.Debug|iOS.ActiveCfg = Debug|iOS
		{1FEB2AFD-8539-4A00-85C4-C3D46A5CAE92}.Debug|iOS.Build.0 = Debug|iOS
		{1FEB2AFD-8539-4A00-85C4-C3D46A5CAE92}.Debug|iOS.Deploy.0 = Debug|iOS
		{1FEB2AFD-8539-4A00-85C4-C3D46A5CAE92}.Debug|Windows Phone (Universal).ActiveCfg = Debug|Windows Phone (Universal)
		{1FEB2AFD-8539-4A00-85C4-C3D46A5CAE92}.Debug|Windows Phone (Universal).Build.0 = Debug|Windows Phone (Universal)
		{1FEB2AFD-8539-4A00-85C4-C3D46A5CAE92}.Debug|Windows Phone (Universal).Deploy.0 = Debug|Windows Phone (Universal)
		{1FEB2AFD-8539-4A00-85C4-C3D46A5CAE92}.Debug|Windows Phone 8.ActiveCfg = Debug|Windows Phone 8
		{1FEB2AFD-8539-4A00-85C4-C3D46A5CAE92}.Debug|Windows Phone 8.Build.0 = Debug|Windows Phone 8
		{1FEB2AFD-8539-4A00-85C4-C3D46A5CAE92}.Debug|Windows Phone 8.Deploy.0 = Debug|Windows Phone 8
		{1FEB2AFD-8539-4A00-85C4-C3D46A5CAE92}.Debug|Windows-AnyCPU.ActiveCfg = Debug|Windows-AnyCPU
		{1FEB2AFD-8539-4A00-85C4-C3D46A5CAE92}.Debug|Windows-AnyCPU.Build.0 = Debug|Windows-AnyCPU
		{1FEB2AFD-8539-4A00-85C4-C3D46A5CAE92}.Debug|Windows-AnyCPU.Deploy.0 = Debug|Windows-AnyCPU
		{1FEB2AFD-8539-4A00-85C4-C3D46A5CAE92}.Debug|Windows-ARM.ActiveCfg = Debug|Windows-ARM
		{1FEB2AFD-8539-4A00-85C4-C3D46A5CAE92}.Debug|Windows-ARM.Build.0 = Debug|Windows-ARM
		{1FEB2AFD-8539-4A00-85C4-C3D46A5CAE92}.Debug|Windows-ARM.Deploy.0 = Debug|Windows-ARM
		{1FEB2AFD-8539-4A00-85C4-C3D46A5CAE92}.Debug|Windows-x64.ActiveCfg = Debug|Windows-x64
		{1FEB2AFD-8539-4A00-85C4-C3D46A5CAE92}.Debug|Windows-x64.Build.0 = Debug|Windows-x64
		{1FEB2AFD-8539-4A00-85C4-C3D46A5CAE92}.Debug|Windows-x64.Deploy.0 = Debug|Windows-x64
		{1FEB2AFD-8539-4A00-85C4-C3D46A5CAE92}.Debug|Windows-x86.ActiveCfg = Debug|Windows-x86
		{1FEB2AFD-8539-4A00-85C4-C3D46A5CAE92}.Debug|Windows-x86.Build.0 = Debug|Windows-x86
		{1FEB2AFD-8539-4A00-85C4-C3D46A5CAE92}.Debug|Windows-x86.Deploy.0 = Debug|Windows-x86
		{1FEB2AFD-8539-4A00-85C4-C3D46A5CAE92}.Release|Android.ActiveCfg = Release|Android
		{1FEB2AFD-8539-4A00-85C4-C3D46A5CAE92}.Release|Android.Build.0 = Release|Android
		{1FEB2AFD-8539-4A00-85C4-C3D46A5CAE92}.Release|Android.Deploy.0 = Release|Android
		{1FEB2AFD-8539-4A00-85C4-C3D46A5CAE92}.Release|Any CPU.ActiveCfg = Release|Android
		{1FEB2AFD-8539-4A00-85C4-C3D46A5CAE92}.Release|iOS.ActiveCfg = Release|iOS
		{1FEB2AFD-8539-4A00-85C4-C3D46A5CAE92}.Release|iOS.Build.0 = Release|iOS
		{1FEB2AFD-8539-4A00-85C4-C3D46A5CAE92}.Release|iOS.Deploy.0 = Release|iOS
		{1FEB2AFD-8539-4A00-85C4-C3D46A5CAE92}.Release|Windows Phone (Universal).ActiveCfg = Release|Windows Phone (Universal)
		{1FEB2AFD-8539-4A00-85C4-C3D46A5CAE92}.Release|Windows Phone (Universal).Build.0 = Release|Windows Phone (Universal)
		{1FEB2AFD-8539-4A00-85C4-C3D46A5CAE92}.Release|Windows Phone (Universal).Deploy.0 = Release|Windows Phone (Universal)
		{1FEB2AFD-8539-4A00-85C4-C3D46A5CAE92}.Release|Windows Phone 8.ActiveCfg = Release|Windows Phone 8
		{1FEB2AFD-8539-4A00-85C4-C3D46A5CAE92}.Release|Windows Phone 8.Build.0 = Release|Windows Phone 8
		{1FEB2AFD-8539-4A00-85C4-C3D46A5CAE92}.Release|Windows Phone 8.Deploy.0 = Release|Windows Phone 8
		{1FEB2AFD-8539-4A00-85C4-C3D46A5CAE92}.Release|Windows-AnyCPU.ActiveCfg = Release|Windows-AnyCPU
		{1FEB2AFD-8539-4A00-85C4-C3D46A5CAE92}.Release|Windows-AnyCPU.Build.0 = Release|Windows-AnyCPU
		{1FEB2AFD-8539-4A00-85C4-C3D46A5CAE92}.Release|Windows-AnyCPU.Deploy.0 = Release|Windows-AnyCPU
		{1FEB2AFD-8539-4A00-85C4-C3D46A5CAE92}.Release|Windows-ARM.ActiveCfg = Release|Windows-ARM
		{1FEB2AFD-8539-4A00-85C4-C3D46A5CAE92}.Release|Windows-ARM.Build.0 = Release|Windows-ARM
		{1FEB2AFD-8539-4A00-85C4-C3D46A5CAE92}.Release|Windows-ARM.Deploy.0 = Release|Windows-ARM
		{1FEB2AFD-8539-4A00-85C4-C3D46A5CAE92}.Release|Windows-x64.ActiveCfg = Release|Windows-x64
		{1FEB2AFD-8539-4A00-85C4-C3D46A5CAE92}.Release|Windows-x64.Build.0 = Release|Windows-x64
		{1FEB2AFD-8539-4A00-85C4-C3D46A5CAE92}.Release|Windows-x64.Deploy.0 = Release|Windows-x64
		{1FEB2AFD-8539-4A00-85C4-C3D46A5CAE92}.Release|Windows-x86.ActiveCfg = Release|Windows-x86
		{1FEB2AFD-8539-4A00-85C4-C3D46A5CAE92}.Release|Windows-x86.Build.0 = Release|Windows-x86
		{1FEB2AFD-8539-4A00-85C4-C3D46A5CAE92}.Release|Windows-x86.Deploy.0 = Release|Windows-x86
	EndGlobalSection
	GlobalSection(SolutionProperties) = preSolution
		HideSolutionNode = FALSE
	EndGlobalSection
	GlobalSection(NestedProjects) = preSolution
		{440DA16E-75A4-43E4-8143-8F4DE82BBF6F} = {01F5DC55-DBA8-4CB8-A71F-FE91A052F25B}
		{F7881624-38C9-4853-992F-4A3B695EF9F1} = {B5E1E407-5657-40AF-A33A-B52DCC24C9C9}
		{8037A054-23A1-4D1A-B20A-D3D508AA5075} = {01F5DC55-DBA8-4CB8-A71F-FE91A052F25B}
		{22E762F6-6708-478B-93BA-81B723038BA0} = {01F5DC55-DBA8-4CB8-A71F-FE91A052F25B}
		{EFBB8221-9CD0-4B34-AFF5-FC31071593D6} = {01F5DC55-DBA8-4CB8-A71F-FE91A052F25B}
		{1E6FBFE5-064B-4619-AC30-866E701F0D60} = {01F5DC55-DBA8-4CB8-A71F-FE91A052F25B}
		{CC390593-5D4C-474D-90DD-67D37EFC46EF} = {B5E1E407-5657-40AF-A33A-B52DCC24C9C9}
		{1FEB2AFD-8539-4A00-85C4-C3D46A5CAE92} = {01F5DC55-DBA8-4CB8-A71F-FE91A052F25B}
	EndGlobalSection
EndGlobal
